
Microsoft Visual Studio Solution File, Format Version 12.00
# Visual Studio 2013
VisualStudioVersion = 12.0.31101.0
MinimumVisualStudioVersion = 10.0.40219.1
Project("{FAE04EC0-301F-11D3-BF4B-00C04F79EFBC}") = "CSharpShapes", "CSharpShapes\CSharpShapes.csproj", "{622BAD57-0CE2-4403-A670-0CB99C5AAFE2}"
EndProject
Project("{FAE04EC0-301F-11D3-BF4B-00C04F79EFBC}") = "TestSharpShapes1", "TestSharpShapes1\TestSharpShapes1.csproj", "{26D79BA7-0E68-47B3-AB2A-695AC2772231}"
EndProject
Global
	GlobalSection(SolutionConfigurationPlatforms) = preSolution
		Debug|Any CPU = Debug|Any CPU
		Release|Any CPU = Release|Any CPU
	EndGlobalSection
	GlobalSection(ProjectConfigurationPlatforms) = postSolution
		{622BAD57-0CE2-4403-A670-0CB99C5AAFE2}.Debug|Any CPU.ActiveCfg = Debug|Any CPU
		{622BAD57-0CE2-4403-A670-0CB99C5AAFE2}.Debug|Any CPU.Build.0 = Debug|Any CPU
		{622BAD57-0CE2-4403-A670-0CB99C5AAFE2}.Release|Any CPU.ActiveCfg = Release|Any CPU
		{622BAD57-0CE2-4403-A670-0CB99C5AAFE2}.Release|Any CPU.Build.0 = Release|Any CPU
		{26D79BA7-0E68-47B3-AB2A-695AC2772231}.Debug|Any CPU.ActiveCfg = Debug|Any CPU
		{26D79BA7-0E68-47B3-AB2A-695AC2772231}.Debug|Any CPU.Build.0 = Debug|Any CPU
		{26D79BA7-0E68-47B3-AB2A-695AC2772231}.Release|Any CPU.ActiveCfg = Release|Any CPU
		{26D79BA7-0E68-47B3-AB2A-695AC2772231}.Release|Any CPU.Build.0 = Release|Any CPU
	EndGlobalSection
	GlobalSection(SolutionProperties) = preSolution
		HideSolutionNode = FALSE
	EndGlobalSection
EndGlobal
